// !$*UTF8*$!
{
	archiveVersion = 1;
	classes = {
	};
	objectVersion = 56;
	objects = {

/* Begin PBXBuildFile section */
		32EA589829F8AA74005B436A /* SwiftUITestApp.swift in Sources */ = {isa = PBXBuildFile; fileRef = 32EA589729F8AA74005B436A /* SwiftUITestApp.swift */; };
		32EA589A29F8AA74005B436A /* ContentView.swift in Sources */ = {isa = PBXBuildFile; fileRef = 32EA589929F8AA74005B436A /* ContentView.swift */; };
		32EA589C29F8AA76005B436A /* Assets.xcassets in Resources */ = {isa = PBXBuildFile; fileRef = 32EA589B29F8AA76005B436A /* Assets.xcassets */; };
		32EA58A029F8AA76005B436A /* Preview Assets.xcassets in Resources */ = {isa = PBXBuildFile; fileRef = 32EA589F29F8AA76005B436A /* Preview Assets.xcassets */; };
		32EA58AA29F8AA76005B436A /* SwiftUITestTests.swift in Sources */ = {isa = PBXBuildFile; fileRef = 32EA58A929F8AA76005B436A /* SwiftUITestTests.swift */; };
		32EA58B429F8AA76005B436A /* SwiftUITestUITests.swift in Sources */ = {isa = PBXBuildFile; fileRef = 32EA58B329F8AA76005B436A /* SwiftUITestUITests.swift */; };
		32EA58B629F8AA76005B436A /* SwiftUITestUITestsLaunchTests.swift in Sources */ = {isa = PBXBuildFile; fileRef = 32EA58B529F8AA76005B436A /* SwiftUITestUITestsLaunchTests.swift */; };
/* End PBXBuildFile section */

/* Begin PBXContainerItemProxy section */
		32EA58A629F8AA76005B436A /* PBXContainerItemProxy */ = {
			isa = PBXContainerItemProxy;
			containerPortal = 32EA588C29F8AA74005B436A /* Project object */;
			proxyType = 1;
			remoteGlobalIDString = 32EA589329F8AA74005B436A;
			remoteInfo = SwiftUITest;
		};
		32EA58B029F8AA76005B436A /* PBXContainerItemProxy */ = {
			isa = PBXContainerItemProxy;
			containerPortal = 32EA588C29F8AA74005B436A /* Project object */;
			proxyType = 1;
			remoteGlobalIDString = 32EA589329F8AA74005B436A;
			remoteInfo = SwiftUITest;
		};
/* End PBXContainerItemProxy section */

/* Begin PBXFileReference section */
		32EA589429F8AA74005B436A /* InfiniteScrollUsingSwiftUI.app */ = {isa = PBXFileReference; explicitFileType = wrapper.application; includeInIndex = 0; path = InfiniteScrollUsingSwiftUI.app; sourceTree = BUILT_PRODUCTS_DIR; };
		32EA589729F8AA74005B436A /* SwiftUITestApp.swift */ = {isa = PBXFileReference; lastKnownFileType = sourcecode.swift; path = SwiftUITestApp.swift; sourceTree = "<group>"; };
		32EA589929F8AA74005B436A /* ContentView.swift */ = {isa = PBXFileReference; lastKnownFileType = sourcecode.swift; path = ContentView.swift; sourceTree = "<group>"; };
		32EA589B29F8AA76005B436A /* Assets.xcassets */ = {isa = PBXFileReference; lastKnownFileType = folder.assetcatalog; path = Assets.xcassets; sourceTree = "<group>"; };
		32EA589D29F8AA76005B436A /* SwiftUITest.entitlements */ = {isa = PBXFileReference; lastKnownFileType = text.plist.entitlements; path = SwiftUITest.entitlements; sourceTree = "<group>"; };
		32EA589F29F8AA76005B436A /* Preview Assets.xcassets */ = {isa = PBXFileReference; lastKnownFileType = folder.assetcatalog; path = "Preview Assets.xcassets"; sourceTree = "<group>"; };
		32EA58A529F8AA76005B436A /* InfiniteScrollUsingSwiftUITests.xctest */ = {isa = PBXFileReference; explicitFileType = wrapper.cfbundle; includeInIndex = 0; path = InfiniteScrollUsingSwiftUITests.xctest; sourceTree = BUILT_PRODUCTS_DIR; };
		32EA58A929F8AA76005B436A /* SwiftUITestTests.swift */ = {isa = PBXFileReference; lastKnownFileType = sourcecode.swift; path = SwiftUITestTests.swift; sourceTree = "<group>"; };
		32EA58AF29F8AA76005B436A /* InfiniteScrollUsingSwiftUIUITests.xctest */ = {isa = PBXFileReference; explicitFileType = wrapper.cfbundle; includeInIndex = 0; path = InfiniteScrollUsingSwiftUIUITests.xctest; sourceTree = BUILT_PRODUCTS_DIR; };
		32EA58B329F8AA76005B436A /* SwiftUITestUITests.swift */ = {isa = PBXFileReference; lastKnownFileType = sourcecode.swift; path = SwiftUITestUITests.swift; sourceTree = "<group>"; };
		32EA58B529F8AA76005B436A /* SwiftUITestUITestsLaunchTests.swift */ = {isa = PBXFileReference; lastKnownFileType = sourcecode.swift; path = SwiftUITestUITestsLaunchTests.swift; sourceTree = "<group>"; };
/* End PBXFileReference section */

/* Begin PBXFrameworksBuildPhase section */
		32EA589129F8AA74005B436A /* Frameworks */ = {
			isa = PBXFrameworksBuildPhase;
			buildActionMask = 2147483647;
			files = (
			);
			runOnlyForDeploymentPostprocessing = 0;
		};
		32EA58A229F8AA76005B436A /* Frameworks */ = {
			isa = PBXFrameworksBuildPhase;
			buildActionMask = 2147483647;
			files = (
			);
			runOnlyForDeploymentPostprocessing = 0;
		};
		32EA58AC29F8AA76005B436A /* Frameworks */ = {
			isa = PBXFrameworksBuildPhase;
			buildActionMask = 2147483647;
			files = (
			);
			runOnlyForDeploymentPostprocessing = 0;
		};
/* End PBXFrameworksBuildPhase section */

/* Begin PBXGroup section */
		32EA588B29F8AA74005B436A = {
			isa = PBXGroup;
			children = (
				32EA589629F8AA74005B436A /* SwiftUITest */,
				32EA58A829F8AA76005B436A /* SwiftUITestTests */,
				32EA58B229F8AA76005B436A /* SwiftUITestUITests */,
				32EA589529F8AA74005B436A /* Products */,
			);
			sourceTree = "<group>";
		};
		32EA589529F8AA74005B436A /* Products */ = {
			isa = PBXGroup;
			children = (
				32EA589429F8AA74005B436A /* InfiniteScrollUsingSwiftUI.app */,
				32EA58A529F8AA76005B436A /* InfiniteScrollUsingSwiftUITests.xctest */,
				32EA58AF29F8AA76005B436A /* InfiniteScrollUsingSwiftUIUITests.xctest */,
			);
			name = Products;
			sourceTree = "<group>";
		};
		32EA589629F8AA74005B436A /* SwiftUITest */ = {
			isa = PBXGroup;
			children = (
				32EA589729F8AA74005B436A /* SwiftUITestApp.swift */,
				32EA589929F8AA74005B436A /* ContentView.swift */,
				32EA589B29F8AA76005B436A /* Assets.xcassets */,
				32EA589D29F8AA76005B436A /* SwiftUITest.entitlements */,
				32EA589E29F8AA76005B436A /* Preview Content */,
			);
			path = SwiftUITest;
			sourceTree = "<group>";
		};
		32EA589E29F8AA76005B436A /* Preview Content */ = {
			isa = PBXGroup;
			children = (
				32EA589F29F8AA76005B436A /* Preview Assets.xcassets */,
			);
			path = "Preview Content";
			sourceTree = "<group>";
		};
		32EA58A829F8AA76005B436A /* SwiftUITestTests */ = {
			isa = PBXGroup;
			children = (
				32EA58A929F8AA76005B436A /* SwiftUITestTests.swift */,
			);
			path = SwiftUITestTests;
			sourceTree = "<group>";
		};
		32EA58B229F8AA76005B436A /* SwiftUITestUITests */ = {
			isa = PBXGroup;
			children = (
				32EA58B329F8AA76005B436A /* SwiftUITestUITests.swift */,
				32EA58B529F8AA76005B436A /* SwiftUITestUITestsLaunchTests.swift */,
			);
			path = SwiftUITestUITests;
			sourceTree = "<group>";
		};
/* End PBXGroup section */

/* Begin PBXNativeTarget section */
		32EA589329F8AA74005B436A /* InfiniteScrollUsingSwiftUI */ = {
			isa = PBXNativeTarget;
			buildConfigurationList = 32EA58B929F8AA76005B436A /* Build configuration list for PBXNativeTarget "InfiniteScrollUsingSwiftUI" */;
			buildPhases = (
				32EA589029F8AA74005B436A /* Sources */,
				32EA589129F8AA74005B436A /* Frameworks */,
				32EA589229F8AA74005B436A /* Resources */,
			);
			buildRules = (
			);
			dependencies = (
			);
			name = InfiniteScrollUsingSwiftUI;
			productName = SwiftUITest;
			productReference = 32EA589429F8AA74005B436A /* InfiniteScrollUsingSwiftUI.app */;
			productType = "com.apple.product-type.application";
		};
		32EA58A429F8AA76005B436A /* InfiniteScrollUsingSwiftUITests */ = {
			isa = PBXNativeTarget;
			buildConfigurationList = 32EA58BC29F8AA76005B436A /* Build configuration list for PBXNativeTarget "InfiniteScrollUsingSwiftUITests" */;
			buildPhases = (
				32EA58A129F8AA76005B436A /* Sources */,
				32EA58A229F8AA76005B436A /* Frameworks */,
				32EA58A329F8AA76005B436A /* Resources */,
			);
			buildRules = (
			);
			dependencies = (
				32EA58A729F8AA76005B436A /* PBXTargetDependency */,
			);
			name = InfiniteScrollUsingSwiftUITests;
			productName = SwiftUITestTests;
			productReference = 32EA58A529F8AA76005B436A /* InfiniteScrollUsingSwiftUITests.xctest */;
			productType = "com.apple.product-type.bundle.unit-test";
		};
		32EA58AE29F8AA76005B436A /* InfiniteScrollUsingSwiftUIUITests */ = {
			isa = PBXNativeTarget;
			buildConfigurationList = 32EA58BF29F8AA76005B436A /* Build configuration list for PBXNativeTarget "InfiniteScrollUsingSwiftUIUITests" */;
			buildPhases = (
				32EA58AB29F8AA76005B436A /* Sources */,
				32EA58AC29F8AA76005B436A /* Frameworks */,
				32EA58AD29F8AA76005B436A /* Resources */,
			);
			buildRules = (
			);
			dependencies = (
				32EA58B129F8AA76005B436A /* PBXTargetDependency */,
			);
			name = InfiniteScrollUsingSwiftUIUITests;
			productName = SwiftUITestUITests;
			productReference = 32EA58AF29F8AA76005B436A /* InfiniteScrollUsingSwiftUIUITests.xctest */;
			productType = "com.apple.product-type.bundle.ui-testing";
		};
/* End PBXNativeTarget section */

/* Begin PBXProject section */
		32EA588C29F8AA74005B436A /* Project object */ = {
			isa = PBXProject;
			attributes = {
				BuildIndependentTargetsInParallel = 1;
				LastSwiftUpdateCheck = 1410;
				LastUpgradeCheck = 1410;
				TargetAttributes = {
					32EA589329F8AA74005B436A = {
						CreatedOnToolsVersion = 14.1;
					};
					32EA58A429F8AA76005B436A = {
						CreatedOnToolsVersion = 14.1;
						TestTargetID = 32EA589329F8AA74005B436A;
					};
					32EA58AE29F8AA76005B436A = {
						CreatedOnToolsVersion = 14.1;
						TestTargetID = 32EA589329F8AA74005B436A;
					};
				};
			};
			buildConfigurationList = 32EA588F29F8AA74005B436A /* Build configuration list for PBXProject "InfiniteScrollUsingSwiftUI" */;
			compatibilityVersion = "Xcode 14.0";
			developmentRegion = en;
			hasScannedForEncodings = 0;
			knownRegions = (
				en,
				Base,
			);
			mainGroup = 32EA588B29F8AA74005B436A;
			productRefGroup = 32EA589529F8AA74005B436A /* Products */;
			projectDirPath = "";
			projectRoot = "";
			targets = (
				32EA589329F8AA74005B436A /* InfiniteScrollUsingSwiftUI */,
				32EA58A429F8AA76005B436A /* InfiniteScrollUsingSwiftUITests */,
				32EA58AE29F8AA76005B436A /* InfiniteScrollUsingSwiftUIUITests */,
			);
		};
/* End PBXProject section */

/* Begin PBXResourcesBuildPhase section */
		32EA589229F8AA74005B436A /* Resources */ = {
			isa = PBXResourcesBuildPhase;
			buildActionMask = 2147483647;
			files = (
				32EA58A029F8AA76005B436A /* Preview Assets.xcassets in Resources */,
				32EA589C29F8AA76005B436A /* Assets.xcassets in Resources */,
			);
			runOnlyForDeploymentPostprocessing = 0;
		};
		32EA58A329F8AA76005B436A /* Resources */ = {
			isa = PBXResourcesBuildPhase;
			buildActionMask = 2147483647;
			files = (
			);
			runOnlyForDeploymentPostprocessing = 0;
		};
		32EA58AD29F8AA76005B436A /* Resources */ = {
			isa = PBXResourcesBuildPhase;
			buildActionMask = 2147483647;
			files = (
			);
			runOnlyForDeploymentPostprocessing = 0;
		};
/* End PBXResourcesBuildPhase section */

/* Begin PBXSourcesBuildPhase section */
		32EA589029F8AA74005B436A /* Sources */ = {
			isa = PBXSourcesBuildPhase;
			buildActionMask = 2147483647;
			files = (
				32EA589A29F8AA74005B436A /* ContentView.swift in Sources */,
				32EA589829F8AA74005B436A /* SwiftUITestApp.swift in Sources */,
			);
			runOnlyForDeploymentPostprocessing = 0;
		};
		32EA58A129F8AA76005B436A /* Sources */ = {
			isa = PBXSourcesBuildPhase;
			buildActionMask = 2147483647;
			files = (
				32EA58AA29F8AA76005B436A /* SwiftUITestTests.swift in Sources */,
			);
			runOnlyForDeploymentPostprocessing = 0;
		};
		32EA58AB29F8AA76005B436A /* Sources */ = {
			isa = PBXSourcesBuildPhase;
			buildActionMask = 2147483647;
			files = (
				32EA58B629F8AA76005B436A /* SwiftUITestUITestsLaunchTests.swift in Sources */,
				32EA58B429F8AA76005B436A /* SwiftUITestUITests.swift in Sources */,
			);
			runOnlyForDeploymentPostprocessing = 0;
		};
/* End PBXSourcesBuildPhase section */

/* Begin PBXTargetDependency section */
		32EA58A729F8AA76005B436A /* PBXTargetDependency */ = {
			isa = PBXTargetDependency;
			target = 32EA589329F8AA74005B436A /* InfiniteScrollUsingSwiftUI */;
			targetProxy = 32EA58A629F8AA76005B436A /* PBXContainerItemProxy */;
		};
		32EA58B129F8AA76005B436A /* PBXTargetDependency */ = {
			isa = PBXTargetDependency;
			target = 32EA589329F8AA74005B436A /* InfiniteScrollUsingSwiftUI */;
			targetProxy = 32EA58B029F8AA76005B436A /* PBXContainerItemProxy */;
		};
/* End PBXTargetDependency section */

/* Begin XCBuildConfiguration section */
		32EA58B729F8AA76005B436A /* Debug */ = {
			isa = XCBuildConfiguration;
			buildSettings = {
				ALWAYS_SEARCH_USER_PATHS = NO;
				CLANG_ANALYZER_NONNULL = YES;
				CLANG_ANALYZER_NUMBER_OBJECT_CONVERSION = YES_AGGRESSIVE;
				CLANG_CXX_LANGUAGE_STANDARD = "gnu++20";
				CLANG_ENABLE_MODULES = YES;
				CLANG_ENABLE_OBJC_ARC = YES;
				CLANG_ENABLE_OBJC_WEAK = YES;
				CLANG_WARN_BLOCK_CAPTURE_AUTORELEASING = YES;
				CLANG_WARN_BOOL_CONVERSION = YES;
				CLANG_WARN_COMMA = YES;
				CLANG_WARN_CONSTANT_CONVERSION = YES;
				CLANG_WARN_DEPRECATED_OBJC_IMPLEMENTATIONS = YES;
				CLANG_WARN_DIRECT_OBJC_ISA_USAGE = YES_ERROR;
				CLANG_WARN_DOCUMENTATION_COMMENTS = YES;
				CLANG_WARN_EMPTY_BODY = YES;
				CLANG_WARN_ENUM_CONVERSION = YES;
				CLANG_WARN_INFINITE_RECURSION = YES;
				CLANG_WARN_INT_CONVERSION = YES;
				CLANG_WARN_NON_LITERAL_NULL_CONVERSION = YES;
				CLANG_WARN_OBJC_IMPLICIT_RETAIN_SELF = YES;
				CLANG_WARN_OBJC_LITERAL_CONVERSION = YES;
				CLANG_WARN_OBJC_ROOT_CLASS = YES_ERROR;
				CLANG_WARN_QUOTED_INCLUDE_IN_FRAMEWORK_HEADER = YES;
				CLANG_WARN_RANGE_LOOP_ANALYSIS = YES;
				CLANG_WARN_STRICT_PROTOTYPES = YES;
				CLANG_WARN_SUSPICIOUS_MOVE = YES;
				CLANG_WARN_UNGUARDED_AVAILABILITY = YES_AGGRESSIVE;
				CLANG_WARN_UNREACHABLE_CODE = YES;
				CLANG_WARN__DUPLICATE_METHOD_MATCH = YES;
				COPY_PHASE_STRIP = NO;
				DEBUG_INFORMATION_FORMAT = dwarf;
				ENABLE_STRICT_OBJC_MSGSEND = YES;
				ENABLE_TESTABILITY = YES;
				GCC_C_LANGUAGE_STANDARD = gnu11;
				GCC_DYNAMIC_NO_PIC = NO;
				GCC_NO_COMMON_BLOCKS = YES;
				GCC_OPTIMIZATION_LEVEL = 0;
				GCC_PREPROCESSOR_DEFINITIONS = (
					"DEBUG=1",
					"$(inherited)",
				);
				GCC_WARN_64_TO_32_BIT_CONVERSION = YES;
				GCC_WARN_ABOUT_RETURN_TYPE = YES_ERROR;
				GCC_WARN_UNDECLARED_SELECTOR = YES;
				GCC_WARN_UNINITIALIZED_AUTOS = YES_AGGRESSIVE;
				GCC_WARN_UNUSED_FUNCTION = YES;
				GCC_WARN_UNUSED_VARIABLE = YES;
				MTL_ENABLE_DEBUG_INFO = INCLUDE_SOURCE;
				MTL_FAST_MATH = YES;
				ONLY_ACTIVE_ARCH = YES;
				SWIFT_ACTIVE_COMPILATION_CONDITIONS = DEBUG;
				SWIFT_OPTIMIZATION_LEVEL = "-Onone";
			};
			name = Debug;
		};
		32EA58B829F8AA76005B436A /* Release */ = {
			isa = XCBuildConfiguration;
			buildSettings = {
				ALWAYS_SEARCH_USER_PATHS = NO;
				CLANG_ANALYZER_NONNULL = YES;
				CLANG_ANALYZER_NUMBER_OBJECT_CONVERSION = YES_AGGRESSIVE;
				CLANG_CXX_LANGUAGE_STANDARD = "gnu++20";
				CLANG_ENABLE_MODULES = YES;
				CLANG_ENABLE_OBJC_ARC = YES;
				CLANG_ENABLE_OBJC_WEAK = YES;
				CLANG_WARN_BLOCK_CAPTURE_AUTORELEASING = YES;
				CLANG_WARN_BOOL_CONVERSION = YES;
				CLANG_WARN_COMMA = YES;
				CLANG_WARN_CONSTANT_CONVERSION = YES;
				CLANG_WARN_DEPRECATED_OBJC_IMPLEMENTATIONS = YES;
				CLANG_WARN_DIRECT_OBJC_ISA_USAGE = YES_ERROR;
				CLANG_WARN_DOCUMENTATION_COMMENTS = YES;
				CLANG_WARN_EMPTY_BODY = YES;
				CLANG_WARN_ENUM_CONVERSION = YES;
				CLANG_WARN_INFINITE_RECURSION = YES;
				CLANG_WARN_INT_CONVERSION = YES;
				CLANG_WARN_NON_LITERAL_NULL_CONVERSION = YES;
				CLANG_WARN_OBJC_IMPLICIT_RETAIN_SELF = YES;
				CLANG_WARN_OBJC_LITERAL_CONVERSION = YES;
				CLANG_WARN_OBJC_ROOT_CLASS = YES_ERROR;
				CLANG_WARN_QUOTED_INCLUDE_IN_FRAMEWORK_HEADER = YES;
				CLANG_WARN_RANGE_LOOP_ANALYSIS = YES;
				CLANG_WARN_STRICT_PROTOTYPES = YES;
				CLANG_WARN_SUSPICIOUS_MOVE = YES;
				CLANG_WARN_UNGUARDED_AVAILABILITY = YES_AGGRESSIVE;
				CLANG_WARN_UNREACHABLE_CODE = YES;
				CLANG_WARN__DUPLICATE_METHOD_MATCH = YES;
				COPY_PHASE_STRIP = NO;
				DEBUG_INFORMATION_FORMAT = "dwarf-with-dsym";
				ENABLE_NS_ASSERTIONS = NO;
				ENABLE_STRICT_OBJC_MSGSEND = YES;
				GCC_C_LANGUAGE_STANDARD = gnu11;
				GCC_NO_COMMON_BLOCKS = YES;
				GCC_WARN_64_TO_32_BIT_CONVERSION = YES;
				GCC_WARN_ABOUT_RETURN_TYPE = YES_ERROR;
				GCC_WARN_UNDECLARED_SELECTOR = YES;
				GCC_WARN_UNINITIALIZED_AUTOS = YES_AGGRESSIVE;
				GCC_WARN_UNUSED_FUNCTION = YES;
				GCC_WARN_UNUSED_VARIABLE = YES;
				MTL_ENABLE_DEBUG_INFO = NO;
				MTL_FAST_MATH = YES;
				SWIFT_COMPILATION_MODE = wholemodule;
				SWIFT_OPTIMIZATION_LEVEL = "-O";
			};
			name = Release;
		};
		32EA58BA29F8AA76005B436A /* Debug */ = {
			isa = XCBuildConfiguration;
			buildSettings = {
				ASSETCATALOG_COMPILER_APPICON_NAME = AppIcon;
				ASSETCATALOG_COMPILER_GLOBAL_ACCENT_COLOR_NAME = AccentColor;
				CODE_SIGN_ENTITLEMENTS = SwiftUITest/SwiftUITest.entitlements;
				CODE_SIGN_STYLE = Automatic;
				CURRENT_PROJECT_VERSION = 1;
				DEVELOPMENT_ASSET_PATHS = "\"SwiftUITest/Preview Content\"";
				DEVELOPMENT_TEAM = 5UZJU8ATXS;
				ENABLE_HARDENED_RUNTIME = YES;
				ENABLE_PREVIEWS = YES;
				GENERATE_INFOPLIST_FILE = YES;
				"INFOPLIST_KEY_UIApplicationSceneManifest_Generation[sdk=iphoneos*]" = YES;
				"INFOPLIST_KEY_UIApplicationSceneManifest_Generation[sdk=iphonesimulator*]" = YES;
				"INFOPLIST_KEY_UIApplicationSupportsIndirectInputEvents[sdk=iphoneos*]" = YES;
				"INFOPLIST_KEY_UIApplicationSupportsIndirectInputEvents[sdk=iphonesimulator*]" = YES;
				"INFOPLIST_KEY_UILaunchScreen_Generation[sdk=iphoneos*]" = YES;
				"INFOPLIST_KEY_UILaunchScreen_Generation[sdk=iphonesimulator*]" = YES;
				"INFOPLIST_KEY_UIStatusBarStyle[sdk=iphoneos*]" = UIStatusBarStyleDefault;
				"INFOPLIST_KEY_UIStatusBarStyle[sdk=iphonesimulator*]" = UIStatusBarStyleDefault;
				INFOPLIST_KEY_UISupportedInterfaceOrientations_iPad = "UIInterfaceOrientationPortrait UIInterfaceOrientationPortraitUpsideDown UIInterfaceOrientationLandscapeLeft UIInterfaceOrientationLandscapeRight";
				INFOPLIST_KEY_UISupportedInterfaceOrientations_iPhone = "UIInterfaceOrientationPortrait UIInterfaceOrientationLandscapeLeft UIInterfaceOrientationLandscapeRight";
				IPHONEOS_DEPLOYMENT_TARGET = 16.1;
				LD_RUNPATH_SEARCH_PATHS = "@executable_path/Frameworks";
				"LD_RUNPATH_SEARCH_PATHS[sdk=macosx*]" = "@executable_path/../Frameworks";
				MACOSX_DEPLOYMENT_TARGET = 13.0;
				MARKETING_VERSION = 1.0;
				PRODUCT_BUNDLE_IDENTIFIER = com.namaswi.SwiftUITest.SwiftUITest;
				PRODUCT_NAME = "$(TARGET_NAME)";
				SDKROOT = auto;
				SUPPORTED_PLATFORMS = "iphoneos iphonesimulator";
				SUPPORTS_MACCATALYST = NO;
				SUPPORTS_MAC_DESIGNED_FOR_IPHONE_IPAD = NO;
				SWIFT_EMIT_LOC_STRINGS = YES;
				SWIFT_VERSION = 5.0;
				TARGETED_DEVICE_FAMILY = "1,2";
			};
			name = Debug;
		};
		32EA58BB29F8AA76005B436A /* Release */ = {
			isa = XCBuildConfiguration;
			buildSettings = {
				ASSETCATALOG_COMPILER_APPICON_NAME = AppIcon;
				ASSETCATALOG_COMPILER_GLOBAL_ACCENT_COLOR_NAME = AccentColor;
				CODE_SIGN_ENTITLEMENTS = SwiftUITest/SwiftUITest.entitlements;
				CODE_SIGN_STYLE = Automatic;
				CURRENT_PROJECT_VERSION = 1;
				DEVELOPMENT_ASSET_PATHS = "\"SwiftUITest/Preview Content\"";
				DEVELOPMENT_TEAM = 5UZJU8ATXS;
				ENABLE_HARDENED_RUNTIME = YES;
				ENABLE_PREVIEWS = YES;
				GENERATE_INFOPLIST_FILE = YES;
				"INFOPLIST_KEY_UIApplicationSceneManifest_Generation[sdk=iphoneos*]" = YES;
				"INFOPLIST_KEY_UIApplicationSceneManifest_Generation[sdk=iphonesimulator*]" = YES;
				"INFOPLIST_KEY_UIApplicationSupportsIndirectInputEvents[sdk=iphoneos*]" = YES;
				"INFOPLIST_KEY_UIApplicationSupportsIndirectInputEvents[sdk=iphonesimulator*]" = YES;
				"INFOPLIST_KEY_UILaunchScreen_Generation[sdk=iphoneos*]" = YES;
				"INFOPLIST_KEY_UILaunchScreen_Generation[sdk=iphonesimulator*]" = YES;
				"INFOPLIST_KEY_UIStatusBarStyle[sdk=iphoneos*]" = UIStatusBarStyleDefault;
				"INFOPLIST_KEY_UIStatusBarStyle[sdk=iphonesimulator*]" = UIStatusBarStyleDefault;
				INFOPLIST_KEY_UISupportedInterfaceOrientations_iPad = "UIInterfaceOrientationPortrait UIInterfaceOrientationPortraitUpsideDown UIInterfaceOrientationLandscapeLeft UIInterfaceOrientationLandscapeRight";
				INFOPLIST_KEY_UISupportedInterfaceOrientations_iPhone = "UIInterfaceOrientationPortrait UIInterfaceOrientationLandscapeLeft UIInterfaceOrientationLandscapeRight";
				IPHONEOS_DEPLOYMENT_TARGET = 16.1;
				LD_RUNPATH_SEARCH_PATHS = "@executable_path/Frameworks";
				"LD_RUNPATH_SEARCH_PATHS[sdk=macosx*]" = "@executable_path/../Frameworks";
				MACOSX_DEPLOYMENT_TARGET = 13.0;
				MARKETING_VERSION = 1.0;
				PRODUCT_BUNDLE_IDENTIFIER = com.namaswi.SwiftUITest.SwiftUITest;
				PRODUCT_NAME = "$(TARGET_NAME)";
				SDKROOT = auto;
				SUPPORTED_PLATFORMS = "iphoneos iphonesimulator";
				SUPPORTS_MACCATALYST = NO;
				SUPPORTS_MAC_DESIGNED_FOR_IPHONE_IPAD = NO;
				SWIFT_EMIT_LOC_STRINGS = YES;
				SWIFT_VERSION = 5.0;
				TARGETED_DEVICE_FAMILY = "1,2";
			};
			name = Release;
		};
		32EA58BD29F8AA76005B436A /* Debug */ = {
			isa = XCBuildConfiguration;
			buildSettings = {
				ALWAYS_EMBED_SWIFT_STANDARD_LIBRARIES = YES;
				BUNDLE_LOADER = "$(TEST_HOST)";
				CODE_SIGN_STYLE = Automatic;
				CURRENT_PROJECT_VERSION = 1;
				DEVELOPMENT_TEAM = 5UZJU8ATXS;
				GENERATE_INFOPLIST_FILE = YES;
				IPHONEOS_DEPLOYMENT_TARGET = 16.1;
				MACOSX_DEPLOYMENT_TARGET = 13.0;
				MARKETING_VERSION = 1.0;
				PRODUCT_BUNDLE_IDENTIFIER = com.namaswi.SwiftUITest.SwiftUITestTests;
				PRODUCT_NAME = "$(TARGET_NAME)";
				SDKROOT = auto;
				SUPPORTED_PLATFORMS = "iphoneos iphonesimulator macosx";
				SWIFT_EMIT_LOC_STRINGS = NO;
				SWIFT_VERSION = 5.0;
				TARGETED_DEVICE_FAMILY = "1,2";
				TEST_HOST = "$(BUILT_PRODUCTS_DIR)/InfiniteScrollUsingSwiftUI.app/$(BUNDLE_EXECUTABLE_FOLDER_PATH)/InfiniteScrollUsingSwiftUI";
			};
			name = Debug;
		};
		32EA58BE29F8AA76005B436A /* Release */ = {
			isa = XCBuildConfiguration;
			buildSettings = {
				ALWAYS_EMBED_SWIFT_STANDARD_LIBRARIES = YES;
				BUNDLE_LOADER = "$(TEST_HOST)";
				CODE_SIGN_STYLE = Automatic;
				CURRENT_PROJECT_VERSION = 1;
				DEVELOPMENT_TEAM = 5UZJU8ATXS;
				GENERATE_INFOPLIST_FILE = YES;
				IPHONEOS_DEPLOYMENT_TARGET = 16.1;
				MACOSX_DEPLOYMENT_TARGET = 13.0;
				MARKETING_VERSION = 1.0;
				PRODUCT_BUNDLE_IDENTIFIER = com.namaswi.SwiftUITest.SwiftUITestTests;
				PRODUCT_NAME = "$(TARGET_NAME)";
				SDKROOT = auto;
				SUPPORTED_PLATFORMS = "iphoneos iphonesimulator macosx";
				SWIFT_EMIT_LOC_STRINGS = NO;
				SWIFT_VERSION = 5.0;
				TARGETED_DEVICE_FAMILY = "1,2";
				TEST_HOST = "$(BUILT_PRODUCTS_DIR)/InfiniteScrollUsingSwiftUI.app/$(BUNDLE_EXECUTABLE_FOLDER_PATH)/InfiniteScrollUsingSwiftUI";
			};
			name = Release;
		};
		32EA58C029F8AA76005B436A /* Debug */ = {
			isa = XCBuildConfiguration;
			buildSettings = {
				ALWAYS_EMBED_SWIFT_STANDARD_LIBRARIES = YES;
				CODE_SIGN_STYLE = Automatic;
				CURRENT_PROJECT_VERSION = 1;
				DEVELOPMENT_TEAM = 5UZJU8ATXS;
				GENERATE_INFOPLIST_FILE = YES;
				IPHONEOS_DEPLOYMENT_TARGET = 16.1;
				MACOSX_DEPLOYMENT_TARGET = 13.0;
				MARKETING_VERSION = 1.0;
				PRODUCT_BUNDLE_IDENTIFIER = com.namaswi.SwiftUITest.SwiftUITestUITests;
				PRODUCT_NAME = "$(TARGET_NAME)";
				SDKROOT = auto;
				SUPPORTED_PLATFORMS = "iphoneos iphonesimulator macosx";
				SWIFT_EMIT_LOC_STRINGS = NO;
				SWIFT_VERSION = 5.0;
				TARGETED_DEVICE_FAMILY = "1,2";
				TEST_TARGET_NAME = SwiftUITest;
			};
			name = Debug;
		};
		32EA58C129F8AA76005B436A /* Release */ = {
			isa = XCBuildConfiguration;
			buildSettings = {
				ALWAYS_EMBED_SWIFT_STANDARD_LIBRARIES = YES;
				CODE_SIGN_STYLE = Automatic;
				CURRENT_PROJECT_VERSION = 1;
				DEVELOPMENT_TEAM = 5UZJU8ATXS;
				GENERATE_INFOPLIST_FILE = YES;
				IPHONEOS_DEPLOYMENT_TARGET = 16.1;
				MACOSX_DEPLOYMENT_TARGET = 13.0;
				MARKETING_VERSION = 1.0;
				PRODUCT_BUNDLE_IDENTIFIER = com.namaswi.SwiftUITest.SwiftUITestUITests;
				PRODUCT_NAME = "$(TARGET_NAME)";
				SDKROOT = auto;
				SUPPORTED_PLATFORMS = "iphoneos iphonesimulator macosx";
				SWIFT_EMIT_LOC_STRINGS = NO;
				SWIFT_VERSION = 5.0;
				TARGETED_DEVICE_FAMILY = "1,2";
				TEST_TARGET_NAME = SwiftUITest;
			};
			name = Release;
		};
/* End XCBuildConfiguration section */

/* Begin XCConfigurationList section */
		32EA588F29F8AA74005B436A /* Build configuration list for PBXProject "InfiniteScrollUsingSwiftUI" */ = {
			isa = XCConfigurationList;
			buildConfigurations = (
				32EA58B729F8AA76005B436A /* Debug */,
				32EA58B829F8AA76005B436A /* Release */,
			);
			defaultConfigurationIsVisible = 0;
			defaultConfigurationName = Release;
		};
		32EA58B929F8AA76005B436A /* Build configuration list for PBXNativeTarget "InfiniteScrollUsingSwiftUI" */ = {
			isa = XCConfigurationList;
			buildConfigurations = (
				32EA58BA29F8AA76005B436A /* Debug */,
				32EA58BB29F8AA76005B436A /* Release */,
			);
			defaultConfigurationIsVisible = 0;
			defaultConfigurationName = Release;
		};
		32EA58BC29F8AA76005B436A /* Build configuration list for PBXNativeTarget "InfiniteScrollUsingSwiftUITests" */ = {
			isa = XCConfigurationList;
			buildConfigurations = (
				32EA58BD29F8AA76005B436A /* Debug */,
				32EA58BE29F8AA76005B436A /* Release */,
			);
			defaultConfigurationIsVisible = 0;
			defaultConfigurationName = Release;
		};
		32EA58BF29F8AA76005B436A /* Build configuration list for PBXNativeTarget "InfiniteScrollUsingSwiftUIUITests" */ = {
			isa = XCConfigurationList;
			buildConfigurations = (
				32EA58C029F8AA76005B436A /* Debug */,
				32EA58C129F8AA76005B436A /* Release */,
			);
			defaultConfigurationIsVisible = 0;
			defaultConfigurationName = Release;
		};
/* End XCConfigurationList section */
	};
	rootObject = 32EA588C29F8AA74005B436A /* Project object */;
}
